
Microsoft Visual Studio Solution File, Format Version 12.00
# Visual Studio Version 17
VisualStudioVersion = 17.5.002.0
MinimumVisualStudioVersion = 10.0.40219.1
Project("{9A19103F-16F7-4668-BE54-9A1E7A4F7556}") = "RealTimeApplication.Infrastructure", "RealTimeApplication.Infrastructure\RealTimeApplication.Infrastructure.csproj", "{8A8521DF-307C-4B98-BC0F-DCFB9A38DDE6}"
EndProject
Project("{9A19103F-16F7-4668-BE54-9A1E7A4F7556}") = "RealTimeApplication.MVC", "RealTimeApplication.MVC\RealTimeApplication.MVC.csproj", "{B4DE5720-6F5F-4B70-BEF2-FA81F65F6B1D}"
EndProject
Project("{9A19103F-16F7-4668-BE54-9A1E7A4F7556}") = "RealTimeApplication.Operations", "RealTimeApplication.Operations\RealTimeApplication.Operations.csproj", "{2E56DBDE-C569-43D1-8083-904105DA4525}"
EndProject
Global
	GlobalSection(SolutionConfigurationPlatforms) = preSolution
		Debug|Any CPU = Debug|Any CPU
		Release|Any CPU = Release|Any CPU
	EndGlobalSection
	GlobalSection(ProjectConfigurationPlatforms) = postSolution
		{8A8521DF-307C-4B98-BC0F-DCFB9A38DDE6}.Debug|Any CPU.ActiveCfg = Debug|Any CPU
		{8A8521DF-307C-4B98-BC0F-DCFB9A38DDE6}.Debug|Any CPU.Build.0 = Debug|Any CPU
		{8A8521DF-307C-4B98-BC0F-DCFB9A38DDE6}.Release|Any CPU.ActiveCfg = Release|Any CPU
		{8A8521DF-307C-4B98-BC0F-DCFB9A38DDE6}.Release|Any CPU.Build.0 = Release|Any CPU
		{B4DE5720-6F5F-4B70-BEF2-FA81F65F6B1D}.Debug|Any CPU.ActiveCfg = Debug|Any CPU
		{B4DE5720-6F5F-4B70-BEF2-FA81F65F6B1D}.Debug|Any CPU.Build.0 = Debug|Any CPU
		{B4DE5720-6F5F-4B70-BEF2-FA81F65F6B1D}.Release|Any CPU.ActiveCfg = Release|Any CPU
		{B4DE5720-6F5F-4B70-BEF2-FA81F65F6B1D}.Release|Any CPU.Build.0 = Release|Any CPU
		{2E56DBDE-C569-43D1-8083-904105DA4525}.Debug|Any CPU.ActiveCfg = Debug|Any CPU
		{2E56DBDE-C569-43D1-8083-904105DA4525}.Debug|Any CPU.Build.0 = Debug|Any CPU
		{2E56DBDE-C569-43D1-8083-904105DA4525}.Release|Any CPU.ActiveCfg = Release|Any CPU
		{2E56DBDE-C569-43D1-8083-904105DA4525}.Release|Any CPU.Build.0 = Release|Any CPU
	EndGlobalSection
	GlobalSection(SolutionProperties) = preSolution
		HideSolutionNode = FALSE
	EndGlobalSection
	GlobalSection(ExtensibilityGlobals) = postSolution
		SolutionGuid = {47B6CC20-578B-428C-9AD1-DB7BDDFDEA22}
	EndGlobalSection
EndGlobal
